
Microsoft Visual Studio Solution File, Format Version 12.00
# Visual Studio 15
VisualStudioVersion = 15.0.26124.0
MinimumVisualStudioVersion = 15.0.26124.0
Project("{2150E333-8FDC-42A3-9474-1A3956D46DE8}") = "src", "src", "{CB8D8641-0BDC-4727-A96C-A0973D101A0E}"
EndProject
Project("{FAE04EC0-301F-11D3-BF4B-00C04F79EFBC}") = "GradeBook", "src\GradeBook\GradeBook.csproj", "{EF88EC38-2739-4675-931F-1550F1E58DF3}"
EndProject
Project("{2150E333-8FDC-42A3-9474-1A3956D46DE8}") = "test", "test", "{1F1856C0-C837-41D3-9D6E-BFCBA7C72ED6}"
EndProject
Project("{FAE04EC0-301F-11D3-BF4B-00C04F79EFBC}") = "GradeBook.Tests", "test\GradeBook.Tests\GradeBook.Tests.csproj", "{DE093597-8A7F-4601-A7D8-8A6501B0782F}"
EndProject
Global
	GlobalSection(SolutionConfigurationPlatforms) = preSolution
		Debug|Any CPU = Debug|Any CPU
		Debug|x64 = Debug|x64
		Debug|x86 = Debug|x86
		Release|Any CPU = Release|Any CPU
		Release|x64 = Release|x64
		Release|x86 = Release|x86
	EndGlobalSection
	GlobalSection(SolutionProperties) = preSolution
		HideSolutionNode = FALSE
	EndGlobalSection
	GlobalSection(ProjectConfigurationPlatforms) = postSolution
		{EF88EC38-2739-4675-931F-1550F1E58DF3}.Debug|Any CPU.ActiveCfg = Debug|Any CPU
		{EF88EC38-2739-4675-931F-1550F1E58DF3}.Debug|Any CPU.Build.0 = Debug|Any CPU
		{EF88EC38-2739-4675-931F-1550F1E58DF3}.Debug|x64.ActiveCfg = Debug|Any CPU
		{EF88EC38-2739-4675-931F-1550F1E58DF3}.Debug|x64.Build.0 = Debug|Any CPU
		{EF88EC38-2739-4675-931F-1550F1E58DF3}.Debug|x86.ActiveCfg = Debug|Any CPU
		{EF88EC38-2739-4675-931F-1550F1E58DF3}.Debug|x86.Build.0 = Debug|Any CPU
		{EF88EC38-2739-4675-931F-1550F1E58DF3}.Release|Any CPU.ActiveCfg = Release|Any CPU
		{EF88EC38-2739-4675-931F-1550F1E58DF3}.Release|Any CPU.Build.0 = Release|Any CPU
		{EF88EC38-2739-4675-931F-1550F1E58DF3}.Release|x64.ActiveCfg = Release|Any CPU
		{EF88EC38-2739-4675-931F-1550F1E58DF3}.Release|x64.Build.0 = Release|Any CPU
		{EF88EC38-2739-4675-931F-1550F1E58DF3}.Release|x86.ActiveCfg = Release|Any CPU
		{EF88EC38-2739-4675-931F-1550F1E58DF3}.Release|x86.Build.0 = Release|Any CPU
		{DE093597-8A7F-4601-A7D8-8A6501B0782F}.Debug|Any CPU.ActiveCfg = Debug|Any CPU
		{DE093597-8A7F-4601-A7D8-8A6501B0782F}.Debug|Any CPU.Build.0 = Debug|Any CPU
		{DE093597-8A7F-4601-A7D8-8A6501B0782F}.Debug|x64.ActiveCfg = Debug|Any CPU
		{DE093597-8A7F-4601-A7D8-8A6501B0782F}.Debug|x64.Build.0 = Debug|Any CPU
		{DE093597-8A7F-4601-A7D8-8A6501B0782F}.Debug|x86.ActiveCfg = Debug|Any CPU
		{DE093597-8A7F-4601-A7D8-8A6501B0782F}.Debug|x86.Build.0 = Debug|Any CPU
		{DE093597-8A7F-4601-A7D8-8A6501B0782F}.Release|Any CPU.ActiveCfg = Release|Any CPU
		{DE093597-8A7F-4601-A7D8-8A6501B0782F}.Release|Any CPU.Build.0 = Release|Any CPU
		{DE093597-8A7F-4601-A7D8-8A6501B0782F}.Release|x64.ActiveCfg = Release|Any CPU
		{DE093597-8A7F-4601-A7D8-8A6501B0782F}.Release|x64.Build.0 = Release|Any CPU
		{DE093597-8A7F-4601-A7D8-8A6501B0782F}.Release|x86.ActiveCfg = Release|Any CPU
		{DE093597-8A7F-4601-A7D8-8A6501B0782F}.Release|x86.Build.0 = Release|Any CPU
	EndGlobalSection
	GlobalSection(NestedProjects) = preSolution
		{EF88EC38-2739-4675-931F-1550F1E58DF3} = {CB8D8641-0BDC-4727-A96C-A0973D101A0E}
		{DE093597-8A7F-4601-A7D8-8A6501B0782F} = {1F1856C0-C837-41D3-9D6E-BFCBA7C72ED6}
	EndGlobalSection
EndGlobal
